{
  "projects": [
    {
      "projectId": "g4U16ChXxiyY9kzMDaGd3y",
      "version": "latest",
      "dependencies": {},
      "lang": "ts",
      "fileLocks": [
        {
          "type": "globalVariant",
          "assetId": "AXX-2e0C3R4wD",
          "checksum": "5a2f9e7f01ad8b6a82624f78b9c79c25"
        },
        {
          "type": "renderModule",
          "assetId": "rjC68L8_vvXD",
          "checksum": "790c3cf750c9f09d4147b8d00e2b05ec"
        },
        {
          "type": "cssRules",
          "assetId": "rjC68L8_vvXD",
          "checksum": "790c3cf750c9f09d4147b8d00e2b05ec"
        },
        {
          "type": "icon",
          "assetId": "BET84298HuHUt",
          "checksum": "313e99644527d8e7939792e52701ab39"
        },
        {
          "type": "icon",
          "assetId": "YAB4CbqtV0BVX",
          "checksum": "88503f82e4099e67907ca0565e31ee67"
        },
        {
          "type": "image",
          "assetId": "8tKaEN7exFxaT",
          "checksum": "03ac65253c3dacbd29468803a8371c38"
        },
        {
          "type": "renderModule",
          "assetId": "w8fHD7P1kWE",
          "checksum": "6be97bb1490675a83138f581ed12844a"
        },
        {
          "type": "cssRules",
          "assetId": "w8fHD7P1kWE",
          "checksum": "6be97bb1490675a83138f581ed12844a"
        },
        {
          "type": "renderModule",
          "assetId": "y4GUXOimSgD",
          "checksum": "f7a08e562f83a9acdbd49752703c4d7c"
        },
        {
          "type": "cssRules",
          "assetId": "y4GUXOimSgD",
          "checksum": "f7a08e562f83a9acdbd49752703c4d7c"
        },
        {
          "type": "renderModule",
          "assetId": "ur6XKUNLcUO",
          "checksum": "37e2c5d05a143d81011f9ded84c73056"
        },
        {
          "type": "cssRules",
          "assetId": "ur6XKUNLcUO",
          "checksum": "37e2c5d05a143d81011f9ded84c73056"
        },
        {
          "type": "renderModule",
          "assetId": "Yx55jS_MRtW",
          "checksum": "3e8444c38865ef0166be086e7f3d7957"
        },
        {
          "type": "cssRules",
          "assetId": "Yx55jS_MRtW",
          "checksum": "3e8444c38865ef0166be086e7f3d7957"
        },
        {
          "type": "renderModule",
          "assetId": "14TUHq322eD",
          "checksum": "e34674908acc8adfe42a64522f7b7440"
        },
        {
          "type": "cssRules",
          "assetId": "14TUHq322eD",
          "checksum": "e34674908acc8adfe42a64522f7b7440"
        },
        {
          "type": "icon",
          "assetId": "CGRffNbaaHB",
          "checksum": "3823daa023dc49b8c350f76ebb5ee577"
        },
        {
          "type": "icon",
          "assetId": "eUq6eI3Zsph",
          "checksum": "c2d9d3b1bd6895118df8b41f80c2cc97"
        },
        {
          "type": "icon",
          "assetId": "H0_XKBB6dKi",
          "checksum": "20c74c524199304cb2c0c5c023439cc5"
        },
        {
          "type": "icon",
          "assetId": "TZ8FImDZHig",
          "checksum": "680547e135f84bf4af0830efd7fe86a4"
        },
        {
          "type": "icon",
          "assetId": "lGQAkjRD28a",
          "checksum": "b0925a75ceba2ae16f71ce241558bbdc"
        },
        {
          "type": "icon",
          "assetId": "L6R8sd5oTqa",
          "checksum": "d72a1ccb6ee74a7b4985bc138be0e01d"
        },
        {
          "type": "icon",
          "assetId": "HlG1LAJoTW-U",
          "checksum": "fec3b320c523f0f8c412826e2b0c07f9"
        },
        {
          "type": "icon",
          "assetId": "s7WVb959wvpx",
          "checksum": "65e187d7066e3e26e3b87e6e9524a6e3"
        },
        {
          "type": "icon",
          "assetId": "iZx4b4eOIvmD",
          "checksum": "2f9ed5d9a33ee67d93bf3dfcce5a7486"
        },
        {
          "type": "icon",
          "assetId": "nIn2DZfeHb5M",
          "checksum": "ccd0b6d80b1e641640a4f7bd0fb7a967"
        },
        {
          "type": "icon",
          "assetId": "KxTViEx_WIT9",
          "checksum": "c7ec4b09e5c34145c1cdb066a76e923f"
        },
        {
          "type": "icon",
          "assetId": "F0p8cvZ3D-Dy",
          "checksum": "04fffe58a8f5139fdab117ddce415faf"
        },
        {
          "type": "icon",
          "assetId": "GhVMhIr31zh9",
          "checksum": "035e4e17fc009835621f91029cfdc825"
        },
        {
          "type": "icon",
          "assetId": "ej74kaAAdvGG",
          "checksum": "548c274cd795ac624da695c4bbdf9fed"
        },
        {
          "type": "icon",
          "assetId": "UBfKpqWZBWvt",
          "checksum": "9d5388a5dbfbc76eb341350bf5647ca0"
        },
        {
          "type": "icon",
          "assetId": "UT6RGL46WF0_",
          "checksum": "2b0bd2c663dbdca66215b0f2172ad0c0"
        },
        {
          "type": "icon",
          "assetId": "L8mEcY165_jI",
          "checksum": "538e0e682e7477069d1d70533da7389c"
        },
        {
          "type": "image",
          "assetId": "XA1AOpA5_-h",
          "checksum": "fe171a88ecbb63a5ebd73062e1eb369c"
        },
        {
          "type": "image",
          "assetId": "qheaOMqJRHW",
          "checksum": "1c02211622a0f33b8824b8fa3ab804ea"
        },
        {
          "type": "image",
          "assetId": "aHePj8v6EW2",
          "checksum": "9b54e81388565f7f8b1b547310d5a852"
        },
        {
          "type": "image",
          "assetId": "BZmq4O-1FX2",
          "checksum": "e20ba2b9fbd5472f026b57bfdf083b60"
        },
        {
          "type": "image",
          "assetId": "ibjtoj7KKO0",
          "checksum": "eafc9f726a9112c1ce64f9b91517ebd2"
        },
        {
          "type": "image",
          "assetId": "XYGkm2KCng1",
          "checksum": "27a28c18420fd6536f59568f028a473b"
        },
        {
          "type": "image",
          "assetId": "b9u1SvGvpMt",
          "checksum": "36356b15a84aea87063b52f85270a3ee"
        },
        {
          "type": "image",
          "assetId": "8CWGluv5Lrw",
          "checksum": "b7a0a5315e0cd5668abbf7db38a9969c"
        },
        {
          "type": "image",
          "assetId": "8E_D5gZJ2mo",
          "checksum": "fd3e8285f9fa13e2d9a01677d2dd58b8"
        },
        {
          "type": "image",
          "assetId": "rKdVqVFzJ0a",
          "checksum": "69987333985b73b3b3c98bb121feed93"
        },
        {
          "type": "image",
          "assetId": "9J9PLG14gx_",
          "checksum": "48c9c6cd7a4ddae08d110421d34fc25d"
        },
        {
          "type": "image",
          "assetId": "DFkdio3cwsn",
          "checksum": "e24f8612fdd0e30903f04e64de587f41"
        },
        {
          "type": "image",
          "assetId": "v5DjTt6vOpA",
          "checksum": "fdb9c3a27bfb7e3367069756ba4496c7"
        },
        {
          "type": "image",
          "assetId": "BNBMPgeJvFR",
          "checksum": "6ffedf4a5af1204ae9f219cbe0d20f62"
        },
        {
          "type": "image",
          "assetId": "k-pv7_17wLj",
          "checksum": "6da335452e3c86b6d0dc6e887cb54eb9"
        },
        {
          "type": "image",
          "assetId": "vUrcHyRb1xd",
          "checksum": "dae93d584bdc6d5bf56fe81a4b6b4035"
        },
        {
          "type": "image",
          "assetId": "BITrK1IKtbJ",
          "checksum": "c3bd6e195cacb989ba0529bae0e05049"
        },
        {
          "type": "image",
          "assetId": "FpLNNQSAa_g",
          "checksum": "f583c971fc81daa5161563f54c317e50"
        },
        {
          "type": "image",
          "assetId": "EmfwjCwdwHF",
          "checksum": "12cb57d6e47cd657852cbd80a56316d4"
        },
        {
          "type": "image",
          "assetId": "mCnWkrsTq-s",
          "checksum": "e271a29f3072a769cef3d2a72810f19c"
        },
        {
          "type": "image",
          "assetId": "19IybKHPFp4",
          "checksum": "55c173729bacdf14c1c1068248a57cd7"
        },
        {
          "type": "image",
          "assetId": "RWtNXnLwDw99",
          "checksum": "851b18d71acdcbe4323aa60748663192"
        },
        {
          "type": "image",
          "assetId": "Sm2_SGPtBER9",
          "checksum": "3794b0c38d3872b0dddedc9b5c2e122f"
        },
        {
          "type": "image",
          "assetId": "zUy4LIPVidvJ",
          "checksum": "f4f1612edd9ec3329350822f792dd9cd"
        },
        {
          "type": "image",
          "assetId": "6VjOdzuGwqPr",
          "checksum": "eef9a798b4026edce67523a9572b1e20"
        },
        {
          "type": "image",
          "assetId": "sKEDf6X5JoZG",
          "checksum": "3d91959bfb2c467c8a4dd78ddc4bcc2a"
        },
        {
          "type": "image",
          "assetId": "YAfcABoGtqaE",
          "checksum": "037af6bd1e0d089c8c71f975e5f37a7b"
        },
        {
          "type": "image",
          "assetId": "_g3K0Cg4wGM_",
          "checksum": "dbc22325184e3c7dd8645cdda0c3ec19"
        },
        {
          "type": "image",
          "assetId": "5F3RDpJ-uVbm",
          "checksum": "0784518ccb39346a1eaeaf16a994951d"
        },
        {
          "type": "image",
          "assetId": "rnClb6D-MMDq",
          "checksum": "5d5e47712419bb3efec0b859f0d84b91"
        },
        {
          "type": "image",
          "assetId": "1AS9DxzxS-eb",
          "checksum": "03ced9d0bc0946ef52f714f588ebdbfb"
        },
        {
          "type": "image",
          "assetId": "pTAn3nJTIfkh",
          "checksum": "8e2cd4d0c8e8571d328efc4a59f94a41"
        },
        {
          "type": "image",
          "assetId": "OWqx05q52UxF",
          "checksum": "d67d4e1f5a1a445ac5124e43b5a32005"
        },
        {
          "type": "renderModule",
          "assetId": "G6yvhwbrKZO",
          "checksum": "2c33fa98e75d7a1a7a90ff69ef05e04d"
        },
        {
          "type": "cssRules",
          "assetId": "G6yvhwbrKZO",
          "checksum": "2c33fa98e75d7a1a7a90ff69ef05e04d"
        },
        {
          "type": "icon",
          "assetId": "8pQ2njHnaW",
          "checksum": "e02efe8db929e4c15d557c64b2063655"
        },
        {
          "assetId": "g4U16ChXxiyY9kzMDaGd3y",
          "type": "projectCss",
          "checksum": "fac1f937fc49a12ee4f353df92446842"
        }
      ],
      "codegenVersion": "0.0.1"
    }
  ],
  "cliVersion": "0.1.173"
}
